
Microsoft Visual Studio Solution File, Format Version 12.00
# Visual Studio Version 17
VisualStudioVersion = 17.0.31710.8
MinimumVisualStudioVersion = 10.0.40219.1
Project("{2150E333-8FDC-42A3-9474-1A3956D46DE8}") = "framework", "framework", "{ADC0BF32-B9DC-419A-8321-B7B3A6DD1F06}"
EndProject
Project("{778DAE3C-4631-46EA-AA77-85C1314464D9}") = "Core", "..\sciBASIC#\Microsoft.VisualBasic.Core\src\Core.vbproj", "{C79C383A-5CE4-4428-B73F-32337B939777}"
EndProject
Project("{2150E333-8FDC-42A3-9474-1A3956D46DE8}") = "grDevices", "grDevices", "{9F1D1BBC-EF37-4733-9D84-0F15C699B504}"
EndProject
Project("{778DAE3C-4631-46EA-AA77-85C1314464D9}") = "Math.NET5", "..\sciBASIC#\Data_science\Mathematica\Math\Math\Math.NET5.vbproj", "{036074AC-8A28-4E54-B4D9-4739B8089EAB}"
EndProject
Project("{778DAE3C-4631-46EA-AA77-85C1314464D9}") = "html_netcore5", "..\sciBASIC#\mime\text%html\html_netcore5.vbproj", "{A2AF1B67-A341-4A02-9BBA-5BB11E883DEE}"
EndProject
Project("{778DAE3C-4631-46EA-AA77-85C1314464D9}") = "imaging.NET5", "..\sciBASIC#\gr\Microsoft.VisualBasic.Imaging\imaging.NET5.vbproj", "{AFB80CC0-EB7C-4B2E-81C7-9609DD268015}"
EndProject
Project("{778DAE3C-4631-46EA-AA77-85C1314464D9}") = "plots-netcore5", "..\sciBASIC#\Data_science\Visualization\Plots\plots-netcore5.vbproj", "{1BC0C966-1DE0-4532-ABE4-C5C4A9C3C216}"
EndProject
Project("{778DAE3C-4631-46EA-AA77-85C1314464D9}") = "dataframework-netcore5", "..\sciBASIC#\Data\DataFrame\dataframework-netcore5.vbproj", "{6532C376-9592-4034-A14F-93D5EA287D04}"
EndProject
Project("{778DAE3C-4631-46EA-AA77-85C1314464D9}") = "Rsharp-netcore5", "..\..\R-sharp\R#\Rsharp-netcore5.vbproj", "{4F001EB4-E700-4E14-8E41-C53BD76AF33D}"
EndProject
Project("{778DAE3C-4631-46EA-AA77-85C1314464D9}") = "R-cmd.NET5", "..\..\R-sharp\studio\R-terminal\R-cmd.NET5.vbproj", "{C8649C05-AEA9-44A4-907D-2A9C6EF69536}"
EndProject
Project("{2150E333-8FDC-42A3-9474-1A3956D46DE8}") = "renv", "renv", "{6B74B0FE-13EE-4DD5-AA9C-7258223BA131}"
EndProject
Project("{2150E333-8FDC-42A3-9474-1A3956D46DE8}") = "network_graph", "network_graph", "{8F9BC443-EE5A-484B-99C7-DFE64E7F7BEB}"
EndProject
Project("{778DAE3C-4631-46EA-AA77-85C1314464D9}") = "graph-netcore5", "..\sciBASIC#\Data_science\Graph\graph-netcore5.vbproj", "{11C61D4C-7DDD-4673-A960-9AC0DBBFE092}"
EndProject
Project("{778DAE3C-4631-46EA-AA77-85C1314464D9}") = "physics-netcore5", "..\sciBASIC#\gr\physics\physics-netcore5.vbproj", "{2222B06B-326B-47D8-BBD8-23A75639239A}"
EndProject
Project("{778DAE3C-4631-46EA-AA77-85C1314464D9}") = "network_graph-netcore5", "..\sciBASIC#\gr\network-visualization\Datavisualization.Network\network_graph-netcore5.vbproj", "{F4B52F3E-ED7A-4EE8-B19C-606A974A26F7}"
EndProject
Project("{778DAE3C-4631-46EA-AA77-85C1314464D9}") = "networkVisualizer.NET5", "..\sciBASIC#\gr\network-visualization\Visualizer\networkVisualizer.NET5.vbproj", "{9328CF69-5888-42F7-B590-3CB832BFDD30}"
EndProject
Project("{778DAE3C-4631-46EA-AA77-85C1314464D9}") = "network_io-netcore5", "..\sciBASIC#\gr\network-visualization\Network.IO.Extensions\network_io-netcore5.vbproj", "{30C536C5-1964-449D-9645-A635BDED8959}"
EndProject
Project("{778DAE3C-4631-46EA-AA77-85C1314464D9}") = "ggraph", "src\ggraph\ggraph.vbproj", "{A74998AF-839B-46B9-A8A9-95FB69355BA1}"
EndProject
Project("{778DAE3C-4631-46EA-AA77-85C1314464D9}") = "ggplot.NET5", "src\ggplot\ggplot.NET5.vbproj", "{FCAD265B-DB4A-416D-BC4F-521063D1909E}"
EndProject
Project("{D954291E-2A0B-460D-934E-DC6B0785DB48}") = "R_graphic.interop", "..\..\R-sharp\Library\shares\R_graphic.interop\R_graphic.interop.shproj", "{53AF2B13-CCD5-4F73-94D5-612191E785A9}"
EndProject
Global
	GlobalSection(SolutionConfigurationPlatforms) = preSolution
		Debug|Any CPU = Debug|Any CPU
		Debug|ARM32 = Debug|ARM32
		Debug|x64 = Debug|x64
		LipidSearch|Any CPU = LipidSearch|Any CPU
		LipidSearch|ARM32 = LipidSearch|ARM32
		LipidSearch|x64 = LipidSearch|x64
		mzkit|Any CPU = mzkit|Any CPU
		mzkit|ARM32 = mzkit|ARM32
		mzkit|x64 = mzkit|x64
		NPSearch|Any CPU = NPSearch|Any CPU
		NPSearch|ARM32 = NPSearch|ARM32
		NPSearch|x64 = NPSearch|x64
		PlantMAT|Any CPU = PlantMAT|Any CPU
		PlantMAT|ARM32 = PlantMAT|ARM32
		PlantMAT|x64 = PlantMAT|x64
		Release|Any CPU = Release|Any CPU
		Release|ARM32 = Release|ARM32
		Release|x64 = Release|x64
		Rsharp_app_release|Any CPU = Rsharp_app_release|Any CPU
		Rsharp_app_release|ARM32 = Rsharp_app_release|ARM32
		Rsharp_app_release|x64 = Rsharp_app_release|x64
	EndGlobalSection
	GlobalSection(ProjectConfigurationPlatforms) = postSolution
		{C79C383A-5CE4-4428-B73F-32337B939777}.Debug|Any CPU.ActiveCfg = Debug|Any CPU
		{C79C383A-5CE4-4428-B73F-32337B939777}.Debug|Any CPU.Build.0 = Debug|Any CPU
		{C79C383A-5CE4-4428-B73F-32337B939777}.Debug|ARM32.ActiveCfg = Debug|Any CPU
		{C79C383A-5CE4-4428-B73F-32337B939777}.Debug|ARM32.Build.0 = Debug|Any CPU
		{C79C383A-5CE4-4428-B73F-32337B939777}.Debug|x64.ActiveCfg = Debug|x64
		{C79C383A-5CE4-4428-B73F-32337B939777}.Debug|x64.Build.0 = Debug|x64
		{C79C383A-5CE4-4428-B73F-32337B939777}.LipidSearch|Any CPU.ActiveCfg = LipidSearch|Any CPU
		{C79C383A-5CE4-4428-B73F-32337B939777}.LipidSearch|Any CPU.Build.0 = LipidSearch|Any CPU
		{C79C383A-5CE4-4428-B73F-32337B939777}.LipidSearch|ARM32.ActiveCfg = LipidSearch|Any CPU
		{C79C383A-5CE4-4428-B73F-32337B939777}.LipidSearch|ARM32.Build.0 = LipidSearch|Any CPU
		{C79C383A-5CE4-4428-B73F-32337B939777}.LipidSearch|x64.ActiveCfg = LipidSearch|x64
		{C79C383A-5CE4-4428-B73F-32337B939777}.LipidSearch|x64.Build.0 = LipidSearch|x64
		{C79C383A-5CE4-4428-B73F-32337B939777}.mzkit|Any CPU.ActiveCfg = mzkit|Any CPU
		{C79C383A-5CE4-4428-B73F-32337B939777}.mzkit|Any CPU.Build.0 = mzkit|Any CPU
		{C79C383A-5CE4-4428-B73F-32337B939777}.mzkit|ARM32.ActiveCfg = mzkit|Any CPU
		{C79C383A-5CE4-4428-B73F-32337B939777}.mzkit|ARM32.Build.0 = mzkit|Any CPU
		{C79C383A-5CE4-4428-B73F-32337B939777}.mzkit|x64.ActiveCfg = mzkit|x64
		{C79C383A-5CE4-4428-B73F-32337B939777}.mzkit|x64.Build.0 = mzkit|x64
		{C79C383A-5CE4-4428-B73F-32337B939777}.NPSearch|Any CPU.ActiveCfg = NPSearch|Any CPU
		{C79C383A-5CE4-4428-B73F-32337B939777}.NPSearch|Any CPU.Build.0 = NPSearch|Any CPU
		{C79C383A-5CE4-4428-B73F-32337B939777}.NPSearch|ARM32.ActiveCfg = NPSearch|Any CPU
		{C79C383A-5CE4-4428-B73F-32337B939777}.NPSearch|ARM32.Build.0 = NPSearch|Any CPU
		{C79C383A-5CE4-4428-B73F-32337B939777}.NPSearch|x64.ActiveCfg = NPSearch|x64
		{C79C383A-5CE4-4428-B73F-32337B939777}.NPSearch|x64.Build.0 = NPSearch|x64
		{C79C383A-5CE4-4428-B73F-32337B939777}.PlantMAT|Any CPU.ActiveCfg = PlantMAT|Any CPU
		{C79C383A-5CE4-4428-B73F-32337B939777}.PlantMAT|Any CPU.Build.0 = PlantMAT|Any CPU
		{C79C383A-5CE4-4428-B73F-32337B939777}.PlantMAT|ARM32.ActiveCfg = PlantMAT|Any CPU
		{C79C383A-5CE4-4428-B73F-32337B939777}.PlantMAT|ARM32.Build.0 = PlantMAT|Any CPU
		{C79C383A-5CE4-4428-B73F-32337B939777}.PlantMAT|x64.ActiveCfg = PlantMAT|x64
		{C79C383A-5CE4-4428-B73F-32337B939777}.PlantMAT|x64.Build.0 = PlantMAT|x64
		{C79C383A-5CE4-4428-B73F-32337B939777}.Release|Any CPU.ActiveCfg = Release|Any CPU
		{C79C383A-5CE4-4428-B73F-32337B939777}.Release|Any CPU.Build.0 = Release|Any CPU
		{C79C383A-5CE4-4428-B73F-32337B939777}.Release|ARM32.ActiveCfg = Release|Any CPU
		{C79C383A-5CE4-4428-B73F-32337B939777}.Release|ARM32.Build.0 = Release|Any CPU
		{C79C383A-5CE4-4428-B73F-32337B939777}.Release|x64.ActiveCfg = Release|x64
		{C79C383A-5CE4-4428-B73F-32337B939777}.Release|x64.Build.0 = Release|x64
		{C79C383A-5CE4-4428-B73F-32337B939777}.Rsharp_app_release|Any CPU.ActiveCfg = Rsharp_app_release|Any CPU
		{C79C383A-5CE4-4428-B73F-32337B939777}.Rsharp_app_release|Any CPU.Build.0 = Rsharp_app_release|Any CPU
		{C79C383A-5CE4-4428-B73F-32337B939777}.Rsharp_app_release|ARM32.ActiveCfg = Rsharp_app_release|Any CPU
		{C79C383A-5CE4-4428-B73F-32337B939777}.Rsharp_app_release|ARM32.Build.0 = Rsharp_app_release|Any CPU
		{C79C383A-5CE4-4428-B73F-32337B939777}.Rsharp_app_release|x64.ActiveCfg = Rsharp_app_release|x64
		{C79C383A-5CE4-4428-B73F-32337B939777}.Rsharp_app_release|x64.Build.0 = Rsharp_app_release|x64
		{036074AC-8A28-4E54-B4D9-4739B8089EAB}.Debug|Any CPU.ActiveCfg = Debug|Any CPU
		{036074AC-8A28-4E54-B4D9-4739B8089EAB}.Debug|Any CPU.Build.0 = Debug|Any CPU
		{036074AC-8A28-4E54-B4D9-4739B8089EAB}.Debug|ARM32.ActiveCfg = Debug|Any CPU
		{036074AC-8A28-4E54-B4D9-4739B8089EAB}.Debug|ARM32.Build.0 = Debug|Any CPU
		{036074AC-8A28-4E54-B4D9-4739B8089EAB}.Debug|x64.ActiveCfg = Debug|x64
		{036074AC-8A28-4E54-B4D9-4739B8089EAB}.Debug|x64.Build.0 = Debug|x64
		{036074AC-8A28-4E54-B4D9-4739B8089EAB}.LipidSearch|Any CPU.ActiveCfg = LipidSearch|Any CPU
		{036074AC-8A28-4E54-B4D9-4739B8089EAB}.LipidSearch|Any CPU.Build.0 = LipidSearch|Any CPU
		{036074AC-8A28-4E54-B4D9-4739B8089EAB}.LipidSearch|ARM32.ActiveCfg = LipidSearch|Any CPU
		{036074AC-8A28-4E54-B4D9-4739B8089EAB}.LipidSearch|ARM32.Build.0 = LipidSearch|Any CPU
		{036074AC-8A28-4E54-B4D9-4739B8089EAB}.LipidSearch|x64.ActiveCfg = LipidSearch|x64
		{036074AC-8A28-4E54-B4D9-4739B8089EAB}.LipidSearch|x64.Build.0 = LipidSearch|x64
		{036074AC-8A28-4E54-B4D9-4739B8089EAB}.mzkit|Any CPU.ActiveCfg = mzkit|Any CPU
		{036074AC-8A28-4E54-B4D9-4739B8089EAB}.mzkit|Any CPU.Build.0 = mzkit|Any CPU
		{036074AC-8A28-4E54-B4D9-4739B8089EAB}.mzkit|ARM32.ActiveCfg = mzkit|Any CPU
		{036074AC-8A28-4E54-B4D9-4739B8089EAB}.mzkit|ARM32.Build.0 = mzkit|Any CPU
		{036074AC-8A28-4E54-B4D9-4739B8089EAB}.mzkit|x64.ActiveCfg = mzkit|x64
		{036074AC-8A28-4E54-B4D9-4739B8089EAB}.mzkit|x64.Build.0 = mzkit|x64
		{036074AC-8A28-4E54-B4D9-4739B8089EAB}.NPSearch|Any CPU.ActiveCfg = NPSearch|Any CPU
		{036074AC-8A28-4E54-B4D9-4739B8089EAB}.NPSearch|Any CPU.Build.0 = NPSearch|Any CPU
		{036074AC-8A28-4E54-B4D9-4739B8089EAB}.NPSearch|ARM32.ActiveCfg = NPSearch|Any CPU
		{036074AC-8A28-4E54-B4D9-4739B8089EAB}.NPSearch|ARM32.Build.0 = NPSearch|Any CPU
		{036074AC-8A28-4E54-B4D9-4739B8089EAB}.NPSearch|x64.ActiveCfg = NPSearch|x64
		{036074AC-8A28-4E54-B4D9-4739B8089EAB}.NPSearch|x64.Build.0 = NPSearch|x64
		{036074AC-8A28-4E54-B4D9-4739B8089EAB}.PlantMAT|Any CPU.ActiveCfg = PlantMAT|Any CPU
		{036074AC-8A28-4E54-B4D9-4739B8089EAB}.PlantMAT|Any CPU.Build.0 = PlantMAT|Any CPU
		{036074AC-8A28-4E54-B4D9-4739B8089EAB}.PlantMAT|ARM32.ActiveCfg = PlantMAT|Any CPU
		{036074AC-8A28-4E54-B4D9-4739B8089EAB}.PlantMAT|ARM32.Build.0 = PlantMAT|Any CPU
		{036074AC-8A28-4E54-B4D9-4739B8089EAB}.PlantMAT|x64.ActiveCfg = PlantMAT|x64
		{036074AC-8A28-4E54-B4D9-4739B8089EAB}.PlantMAT|x64.Build.0 = PlantMAT|x64
		{036074AC-8A28-4E54-B4D9-4739B8089EAB}.Release|Any CPU.ActiveCfg = Release|Any CPU
		{036074AC-8A28-4E54-B4D9-4739B8089EAB}.Release|Any CPU.Build.0 = Release|Any CPU
		{036074AC-8A28-4E54-B4D9-4739B8089EAB}.Release|ARM32.ActiveCfg = Release|Any CPU
		{036074AC-8A28-4E54-B4D9-4739B8089EAB}.Release|ARM32.Build.0 = Release|Any CPU
		{036074AC-8A28-4E54-B4D9-4739B8089EAB}.Release|x64.ActiveCfg = Release|x64
		{036074AC-8A28-4E54-B4D9-4739B8089EAB}.Release|x64.Build.0 = Release|x64
		{036074AC-8A28-4E54-B4D9-4739B8089EAB}.Rsharp_app_release|Any CPU.ActiveCfg = Rsharp_app_release|Any CPU
		{036074AC-8A28-4E54-B4D9-4739B8089EAB}.Rsharp_app_release|Any CPU.Build.0 = Rsharp_app_release|Any CPU
		{036074AC-8A28-4E54-B4D9-4739B8089EAB}.Rsharp_app_release|ARM32.ActiveCfg = Rsharp_app_release|Any CPU
		{036074AC-8A28-4E54-B4D9-4739B8089EAB}.Rsharp_app_release|ARM32.Build.0 = Rsharp_app_release|Any CPU
		{036074AC-8A28-4E54-B4D9-4739B8089EAB}.Rsharp_app_release|x64.ActiveCfg = Rsharp_app_release|x64
		{036074AC-8A28-4E54-B4D9-4739B8089EAB}.Rsharp_app_release|x64.Build.0 = Rsharp_app_release|x64
		{A2AF1B67-A341-4A02-9BBA-5BB11E883DEE}.Debug|Any CPU.ActiveCfg = Debug|Any CPU
		{A2AF1B67-A341-4A02-9BBA-5BB11E883DEE}.Debug|Any CPU.Build.0 = Debug|Any CPU
		{A2AF1B67-A341-4A02-9BBA-5BB11E883DEE}.Debug|ARM32.ActiveCfg = Debug|Any CPU
		{A2AF1B67-A341-4A02-9BBA-5BB11E883DEE}.Debug|ARM32.Build.0 = Debug|Any CPU
		{A2AF1B67-A341-4A02-9BBA-5BB11E883DEE}.Debug|x64.ActiveCfg = Debug|x64
		{A2AF1B67-A341-4A02-9BBA-5BB11E883DEE}.Debug|x64.Build.0 = Debug|x64
		{A2AF1B67-A341-4A02-9BBA-5BB11E883DEE}.LipidSearch|Any CPU.ActiveCfg = LipidSearch|Any CPU
		{A2AF1B67-A341-4A02-9BBA-5BB11E883DEE}.LipidSearch|Any CPU.Build.0 = LipidSearch|Any CPU
		{A2AF1B67-A341-4A02-9BBA-5BB11E883DEE}.LipidSearch|ARM32.ActiveCfg = LipidSearch|Any CPU
		{A2AF1B67-A341-4A02-9BBA-5BB11E883DEE}.LipidSearch|ARM32.Build.0 = LipidSearch|Any CPU
		{A2AF1B67-A341-4A02-9BBA-5BB11E883DEE}.LipidSearch|x64.ActiveCfg = LipidSearch|x64
		{A2AF1B67-A341-4A02-9BBA-5BB11E883DEE}.LipidSearch|x64.Build.0 = LipidSearch|x64
		{A2AF1B67-A341-4A02-9BBA-5BB11E883DEE}.mzkit|Any CPU.ActiveCfg = mzkit|Any CPU
		{A2AF1B67-A341-4A02-9BBA-5BB11E883DEE}.mzkit|Any CPU.Build.0 = mzkit|Any CPU
		{A2AF1B67-A341-4A02-9BBA-5BB11E883DEE}.mzkit|ARM32.ActiveCfg = mzkit|Any CPU
		{A2AF1B67-A341-4A02-9BBA-5BB11E883DEE}.mzkit|ARM32.Build.0 = mzkit|Any CPU
		{A2AF1B67-A341-4A02-9BBA-5BB11E883DEE}.mzkit|x64.ActiveCfg = mzkit|x64
		{A2AF1B67-A341-4A02-9BBA-5BB11E883DEE}.mzkit|x64.Build.0 = mzkit|x64
		{A2AF1B67-A341-4A02-9BBA-5BB11E883DEE}.NPSearch|Any CPU.ActiveCfg = NPSearch|Any CPU
		{A2AF1B67-A341-4A02-9BBA-5BB11E883DEE}.NPSearch|Any CPU.Build.0 = NPSearch|Any CPU
		{A2AF1B67-A341-4A02-9BBA-5BB11E883DEE}.NPSearch|ARM32.ActiveCfg = NPSearch|Any CPU
		{A2AF1B67-A341-4A02-9BBA-5BB11E883DEE}.NPSearch|ARM32.Build.0 = NPSearch|Any CPU
		{A2AF1B67-A341-4A02-9BBA-5BB11E883DEE}.NPSearch|x64.ActiveCfg = NPSearch|x64
		{A2AF1B67-A341-4A02-9BBA-5BB11E883DEE}.NPSearch|x64.Build.0 = NPSearch|x64
		{A2AF1B67-A341-4A02-9BBA-5BB11E883DEE}.PlantMAT|Any CPU.ActiveCfg = Debug|Any CPU
		{A2AF1B67-A341-4A02-9BBA-5BB11E883DEE}.PlantMAT|Any CPU.Build.0 = Debug|Any CPU
		{A2AF1B67-A341-4A02-9BBA-5BB11E883DEE}.PlantMAT|ARM32.ActiveCfg = Debug|Any CPU
		{A2AF1B67-A341-4A02-9BBA-5BB11E883DEE}.PlantMAT|ARM32.Build.0 = Debug|Any CPU
		{A2AF1B67-A341-4A02-9BBA-5BB11E883DEE}.PlantMAT|x64.ActiveCfg = Debug|x64
		{A2AF1B67-A341-4A02-9BBA-5BB11E883DEE}.PlantMAT|x64.Build.0 = Debug|x64
		{A2AF1B67-A341-4A02-9BBA-5BB11E883DEE}.Release|Any CPU.ActiveCfg = Release|Any CPU
		{A2AF1B67-A341-4A02-9BBA-5BB11E883DEE}.Release|Any CPU.Build.0 = Release|Any CPU
		{A2AF1B67-A341-4A02-9BBA-5BB11E883DEE}.Release|ARM32.ActiveCfg = Release|Any CPU
		{A2AF1B67-A341-4A02-9BBA-5BB11E883DEE}.Release|ARM32.Build.0 = Release|Any CPU
		{A2AF1B67-A341-4A02-9BBA-5BB11E883DEE}.Release|x64.ActiveCfg = Release|x64
		{A2AF1B67-A341-4A02-9BBA-5BB11E883DEE}.Release|x64.Build.0 = Release|x64
		{A2AF1B67-A341-4A02-9BBA-5BB11E883DEE}.Rsharp_app_release|Any CPU.ActiveCfg = Rsharp_app_release|Any CPU
		{A2AF1B67-A341-4A02-9BBA-5BB11E883DEE}.Rsharp_app_release|Any CPU.Build.0 = Rsharp_app_release|Any CPU
		{A2AF1B67-A341-4A02-9BBA-5BB11E883DEE}.Rsharp_app_release|ARM32.ActiveCfg = Rsharp_app_release|Any CPU
		{A2AF1B67-A341-4A02-9BBA-5BB11E883DEE}.Rsharp_app_release|ARM32.Build.0 = Rsharp_app_release|Any CPU
		{A2AF1B67-A341-4A02-9BBA-5BB11E883DEE}.Rsharp_app_release|x64.ActiveCfg = Rsharp_app_release|x64
		{A2AF1B67-A341-4A02-9BBA-5BB11E883DEE}.Rsharp_app_release|x64.Build.0 = Rsharp_app_release|x64
		{AFB80CC0-EB7C-4B2E-81C7-9609DD268015}.Debug|Any CPU.ActiveCfg = Debug|Any CPU
		{AFB80CC0-EB7C-4B2E-81C7-9609DD268015}.Debug|Any CPU.Build.0 = Debug|Any CPU
		{AFB80CC0-EB7C-4B2E-81C7-9609DD268015}.Debug|ARM32.ActiveCfg = Debug|Any CPU
		{AFB80CC0-EB7C-4B2E-81C7-9609DD268015}.Debug|ARM32.Build.0 = Debug|Any CPU
		{AFB80CC0-EB7C-4B2E-81C7-9609DD268015}.Debug|x64.ActiveCfg = Debug|x64
		{AFB80CC0-EB7C-4B2E-81C7-9609DD268015}.Debug|x64.Build.0 = Debug|x64
		{AFB80CC0-EB7C-4B2E-81C7-9609DD268015}.LipidSearch|Any CPU.ActiveCfg = LipidSearch|Any CPU
		{AFB80CC0-EB7C-4B2E-81C7-9609DD268015}.LipidSearch|Any CPU.Build.0 = LipidSearch|Any CPU
		{AFB80CC0-EB7C-4B2E-81C7-9609DD268015}.LipidSearch|ARM32.ActiveCfg = LipidSearch|Any CPU
		{AFB80CC0-EB7C-4B2E-81C7-9609DD268015}.LipidSearch|ARM32.Build.0 = LipidSearch|Any CPU
		{AFB80CC0-EB7C-4B2E-81C7-9609DD268015}.LipidSearch|x64.ActiveCfg = LipidSearch|x64
		{AFB80CC0-EB7C-4B2E-81C7-9609DD268015}.LipidSearch|x64.Build.0 = LipidSearch|x64
		{AFB80CC0-EB7C-4B2E-81C7-9609DD268015}.mzkit|Any CPU.ActiveCfg = mzkit|Any CPU
		{AFB80CC0-EB7C-4B2E-81C7-9609DD268015}.mzkit|Any CPU.Build.0 = mzkit|Any CPU
		{AFB80CC0-EB7C-4B2E-81C7-9609DD268015}.mzkit|ARM32.ActiveCfg = mzkit|Any CPU
		{AFB80CC0-EB7C-4B2E-81C7-9609DD268015}.mzkit|ARM32.Build.0 = mzkit|Any CPU
		{AFB80CC0-EB7C-4B2E-81C7-9609DD268015}.mzkit|x64.ActiveCfg = mzkit|x64
		{AFB80CC0-EB7C-4B2E-81C7-9609DD268015}.mzkit|x64.Build.0 = mzkit|x64
		{AFB80CC0-EB7C-4B2E-81C7-9609DD268015}.NPSearch|Any CPU.ActiveCfg = NPSearch|Any CPU
		{AFB80CC0-EB7C-4B2E-81C7-9609DD268015}.NPSearch|Any CPU.Build.0 = NPSearch|Any CPU
		{AFB80CC0-EB7C-4B2E-81C7-9609DD268015}.NPSearch|ARM32.ActiveCfg = NPSearch|Any CPU
		{AFB80CC0-EB7C-4B2E-81C7-9609DD268015}.NPSearch|ARM32.Build.0 = NPSearch|Any CPU
		{AFB80CC0-EB7C-4B2E-81C7-9609DD268015}.NPSearch|x64.ActiveCfg = NPSearch|x64
		{AFB80CC0-EB7C-4B2E-81C7-9609DD268015}.NPSearch|x64.Build.0 = NPSearch|x64
		{AFB80CC0-EB7C-4B2E-81C7-9609DD268015}.PlantMAT|Any CPU.ActiveCfg = Debug|Any CPU
		{AFB80CC0-EB7C-4B2E-81C7-9609DD268015}.PlantMAT|Any CPU.Build.0 = Debug|Any CPU
		{AFB80CC0-EB7C-4B2E-81C7-9609DD268015}.PlantMAT|ARM32.ActiveCfg = Debug|Any CPU
		{AFB80CC0-EB7C-4B2E-81C7-9609DD268015}.PlantMAT|ARM32.Build.0 = Debug|Any CPU
		{AFB80CC0-EB7C-4B2E-81C7-9609DD268015}.PlantMAT|x64.ActiveCfg = Debug|x64
		{AFB80CC0-EB7C-4B2E-81C7-9609DD268015}.PlantMAT|x64.Build.0 = Debug|x64
		{AFB80CC0-EB7C-4B2E-81C7-9609DD268015}.Release|Any CPU.ActiveCfg = Release|Any CPU
		{AFB80CC0-EB7C-4B2E-81C7-9609DD268015}.Release|Any CPU.Build.0 = Release|Any CPU
		{AFB80CC0-EB7C-4B2E-81C7-9609DD268015}.Release|ARM32.ActiveCfg = Release|Any CPU
		{AFB80CC0-EB7C-4B2E-81C7-9609DD268015}.Release|ARM32.Build.0 = Release|Any CPU
		{AFB80CC0-EB7C-4B2E-81C7-9609DD268015}.Release|x64.ActiveCfg = Release|x64
		{AFB80CC0-EB7C-4B2E-81C7-9609DD268015}.Release|x64.Build.0 = Release|x64
		{AFB80CC0-EB7C-4B2E-81C7-9609DD268015}.Rsharp_app_release|Any CPU.ActiveCfg = Rsharp_app_release|Any CPU
		{AFB80CC0-EB7C-4B2E-81C7-9609DD268015}.Rsharp_app_release|Any CPU.Build.0 = Rsharp_app_release|Any CPU
		{AFB80CC0-EB7C-4B2E-81C7-9609DD268015}.Rsharp_app_release|ARM32.ActiveCfg = Rsharp_app_release|Any CPU
		{AFB80CC0-EB7C-4B2E-81C7-9609DD268015}.Rsharp_app_release|ARM32.Build.0 = Rsharp_app_release|Any CPU
		{AFB80CC0-EB7C-4B2E-81C7-9609DD268015}.Rsharp_app_release|x64.ActiveCfg = Rsharp_app_release|x64
		{AFB80CC0-EB7C-4B2E-81C7-9609DD268015}.Rsharp_app_release|x64.Build.0 = Rsharp_app_release|x64
		{1BC0C966-1DE0-4532-ABE4-C5C4A9C3C216}.Debug|Any CPU.ActiveCfg = Debug|Any CPU
		{1BC0C966-1DE0-4532-ABE4-C5C4A9C3C216}.Debug|Any CPU.Build.0 = Debug|Any CPU
		{1BC0C966-1DE0-4532-ABE4-C5C4A9C3C216}.Debug|ARM32.ActiveCfg = Debug|Any CPU
		{1BC0C966-1DE0-4532-ABE4-C5C4A9C3C216}.Debug|ARM32.Build.0 = Debug|Any CPU
		{1BC0C966-1DE0-4532-ABE4-C5C4A9C3C216}.Debug|x64.ActiveCfg = Debug|x64
		{1BC0C966-1DE0-4532-ABE4-C5C4A9C3C216}.Debug|x64.Build.0 = Debug|x64
		{1BC0C966-1DE0-4532-ABE4-C5C4A9C3C216}.LipidSearch|Any CPU.ActiveCfg = LipidSearch|Any CPU
		{1BC0C966-1DE0-4532-ABE4-C5C4A9C3C216}.LipidSearch|Any CPU.Build.0 = LipidSearch|Any CPU
		{1BC0C966-1DE0-4532-ABE4-C5C4A9C3C216}.LipidSearch|ARM32.ActiveCfg = LipidSearch|Any CPU
		{1BC0C966-1DE0-4532-ABE4-C5C4A9C3C216}.LipidSearch|ARM32.Build.0 = LipidSearch|Any CPU
		{1BC0C966-1DE0-4532-ABE4-C5C4A9C3C216}.LipidSearch|x64.ActiveCfg = LipidSearch|x64
		{1BC0C966-1DE0-4532-ABE4-C5C4A9C3C216}.LipidSearch|x64.Build.0 = LipidSearch|x64
		{1BC0C966-1DE0-4532-ABE4-C5C4A9C3C216}.mzkit|Any CPU.ActiveCfg = mzkit|Any CPU
		{1BC0C966-1DE0-4532-ABE4-C5C4A9C3C216}.mzkit|Any CPU.Build.0 = mzkit|Any CPU
		{1BC0C966-1DE0-4532-ABE4-C5C4A9C3C216}.mzkit|ARM32.ActiveCfg = mzkit|Any CPU
		{1BC0C966-1DE0-4532-ABE4-C5C4A9C3C216}.mzkit|ARM32.Build.0 = mzkit|Any CPU
		{1BC0C966-1DE0-4532-ABE4-C5C4A9C3C216}.mzkit|x64.ActiveCfg = mzkit|x64
		{1BC0C966-1DE0-4532-ABE4-C5C4A9C3C216}.mzkit|x64.Build.0 = mzkit|x64
		{1BC0C966-1DE0-4532-ABE4-C5C4A9C3C216}.NPSearch|Any CPU.ActiveCfg = Debug|Any CPU
		{1BC0C966-1DE0-4532-ABE4-C5C4A9C3C216}.NPSearch|Any CPU.Build.0 = Debug|Any CPU
		{1BC0C966-1DE0-4532-ABE4-C5C4A9C3C216}.NPSearch|ARM32.ActiveCfg = Debug|Any CPU
		{1BC0C966-1DE0-4532-ABE4-C5C4A9C3C216}.NPSearch|ARM32.Build.0 = Debug|Any CPU
		{1BC0C966-1DE0-4532-ABE4-C5C4A9C3C216}.NPSearch|x64.ActiveCfg = Debug|x64
		{1BC0C966-1DE0-4532-ABE4-C5C4A9C3C216}.NPSearch|x64.Build.0 = Debug|x64
		{1BC0C966-1DE0-4532-ABE4-C5C4A9C3C216}.PlantMAT|Any CPU.ActiveCfg = Debug|Any CPU
		{1BC0C966-1DE0-4532-ABE4-C5C4A9C3C216}.PlantMAT|Any CPU.Build.0 = Debug|Any CPU
		{1BC0C966-1DE0-4532-ABE4-C5C4A9C3C216}.PlantMAT|ARM32.ActiveCfg = Debug|Any CPU
		{1BC0C966-1DE0-4532-ABE4-C5C4A9C3C216}.PlantMAT|ARM32.Build.0 = Debug|Any CPU
		{1BC0C966-1DE0-4532-ABE4-C5C4A9C3C216}.PlantMAT|x64.ActiveCfg = Debug|x64
		{1BC0C966-1DE0-4532-ABE4-C5C4A9C3C216}.PlantMAT|x64.Build.0 = Debug|x64
		{1BC0C966-1DE0-4532-ABE4-C5C4A9C3C216}.Release|Any CPU.ActiveCfg = Release|Any CPU
		{1BC0C966-1DE0-4532-ABE4-C5C4A9C3C216}.Release|Any CPU.Build.0 = Release|Any CPU
		{1BC0C966-1DE0-4532-ABE4-C5C4A9C3C216}.Release|ARM32.ActiveCfg = Release|Any CPU
		{1BC0C966-1DE0-4532-ABE4-C5C4A9C3C216}.Release|ARM32.Build.0 = Release|Any CPU
		{1BC0C966-1DE0-4532-ABE4-C5C4A9C3C216}.Release|x64.ActiveCfg = Release|x64
		{1BC0C966-1DE0-4532-ABE4-C5C4A9C3C216}.Release|x64.Build.0 = Release|x64
		{1BC0C966-1DE0-4532-ABE4-C5C4A9C3C216}.Rsharp_app_release|Any CPU.ActiveCfg = Rsharp_app_release|Any CPU
		{1BC0C966-1DE0-4532-ABE4-C5C4A9C3C216}.Rsharp_app_release|Any CPU.Build.0 = Rsharp_app_release|Any CPU
		{1BC0C966-1DE0-4532-ABE4-C5C4A9C3C216}.Rsharp_app_release|ARM32.ActiveCfg = Rsharp_app_release|Any CPU
		{1BC0C966-1DE0-4532-ABE4-C5C4A9C3C216}.Rsharp_app_release|ARM32.Build.0 = Rsharp_app_release|Any CPU
		{1BC0C966-1DE0-4532-ABE4-C5C4A9C3C216}.Rsharp_app_release|x64.ActiveCfg = Rsharp_app_release|x64
		{1BC0C966-1DE0-4532-ABE4-C5C4A9C3C216}.Rsharp_app_release|x64.Build.0 = Rsharp_app_release|x64
		{6532C376-9592-4034-A14F-93D5EA287D04}.Debug|Any CPU.ActiveCfg = Debug|Any CPU
		{6532C376-9592-4034-A14F-93D5EA287D04}.Debug|Any CPU.Build.0 = Debug|Any CPU
		{6532C376-9592-4034-A14F-93D5EA287D04}.Debug|ARM32.ActiveCfg = Debug|Any CPU
		{6532C376-9592-4034-A14F-93D5EA287D04}.Debug|ARM32.Build.0 = Debug|Any CPU
		{6532C376-9592-4034-A14F-93D5EA287D04}.Debug|x64.ActiveCfg = Debug|x64
		{6532C376-9592-4034-A14F-93D5EA287D04}.Debug|x64.Build.0 = Debug|x64
		{6532C376-9592-4034-A14F-93D5EA287D04}.LipidSearch|Any CPU.ActiveCfg = LipidSearch|Any CPU
		{6532C376-9592-4034-A14F-93D5EA287D04}.LipidSearch|Any CPU.Build.0 = LipidSearch|Any CPU
		{6532C376-9592-4034-A14F-93D5EA287D04}.LipidSearch|ARM32.ActiveCfg = LipidSearch|Any CPU
		{6532C376-9592-4034-A14F-93D5EA287D04}.LipidSearch|ARM32.Build.0 = LipidSearch|Any CPU
		{6532C376-9592-4034-A14F-93D5EA287D04}.LipidSearch|x64.ActiveCfg = LipidSearch|x64
		{6532C376-9592-4034-A14F-93D5EA287D04}.LipidSearch|x64.Build.0 = LipidSearch|x64
		{6532C376-9592-4034-A14F-93D5EA287D04}.mzkit|Any CPU.ActiveCfg = mzkit|Any CPU
		{6532C376-9592-4034-A14F-93D5EA287D04}.mzkit|Any CPU.Build.0 = mzkit|Any CPU
		{6532C376-9592-4034-A14F-93D5EA287D04}.mzkit|ARM32.ActiveCfg = mzkit|Any CPU
		{6532C376-9592-4034-A14F-93D5EA287D04}.mzkit|ARM32.Build.0 = mzkit|Any CPU
		{6532C376-9592-4034-A14F-93D5EA287D04}.mzkit|x64.ActiveCfg = mzkit|x64
		{6532C376-9592-4034-A14F-93D5EA287D04}.mzkit|x64.Build.0 = mzkit|x64
		{6532C376-9592-4034-A14F-93D5EA287D04}.NPSearch|Any CPU.ActiveCfg = NPSearch|Any CPU
		{6532C376-9592-4034-A14F-93D5EA287D04}.NPSearch|Any CPU.Build.0 = NPSearch|Any CPU
		{6532C376-9592-4034-A14F-93D5EA287D04}.NPSearch|ARM32.ActiveCfg = NPSearch|Any CPU
		{6532C376-9592-4034-A14F-93D5EA287D04}.NPSearch|ARM32.Build.0 = NPSearch|Any CPU
		{6532C376-9592-4034-A14F-93D5EA287D04}.NPSearch|x64.ActiveCfg = NPSearch|x64
		{6532C376-9592-4034-A14F-93D5EA287D04}.NPSearch|x64.Build.0 = NPSearch|x64
		{6532C376-9592-4034-A14F-93D5EA287D04}.PlantMAT|Any CPU.ActiveCfg = PlantMAT|Any CPU
		{6532C376-9592-4034-A14F-93D5EA287D04}.PlantMAT|Any CPU.Build.0 = PlantMAT|Any CPU
		{6532C376-9592-4034-A14F-93D5EA287D04}.PlantMAT|ARM32.ActiveCfg = PlantMAT|Any CPU
		{6532C376-9592-4034-A14F-93D5EA287D04}.PlantMAT|ARM32.Build.0 = PlantMAT|Any CPU
		{6532C376-9592-4034-A14F-93D5EA287D04}.PlantMAT|x64.ActiveCfg = PlantMAT|x64
		{6532C376-9592-4034-A14F-93D5EA287D04}.PlantMAT|x64.Build.0 = PlantMAT|x64
		{6532C376-9592-4034-A14F-93D5EA287D04}.Release|Any CPU.ActiveCfg = Release|Any CPU
		{6532C376-9592-4034-A14F-93D5EA287D04}.Release|Any CPU.Build.0 = Release|Any CPU
		{6532C376-9592-4034-A14F-93D5EA287D04}.Release|ARM32.ActiveCfg = Release|Any CPU
		{6532C376-9592-4034-A14F-93D5EA287D04}.Release|ARM32.Build.0 = Release|Any CPU
		{6532C376-9592-4034-A14F-93D5EA287D04}.Release|x64.ActiveCfg = Release|x64
		{6532C376-9592-4034-A14F-93D5EA287D04}.Release|x64.Build.0 = Release|x64
		{6532C376-9592-4034-A14F-93D5EA287D04}.Rsharp_app_release|Any CPU.ActiveCfg = Rsharp_app_release|Any CPU
		{6532C376-9592-4034-A14F-93D5EA287D04}.Rsharp_app_release|Any CPU.Build.0 = Rsharp_app_release|Any CPU
		{6532C376-9592-4034-A14F-93D5EA287D04}.Rsharp_app_release|ARM32.ActiveCfg = Rsharp_app_release|Any CPU
		{6532C376-9592-4034-A14F-93D5EA287D04}.Rsharp_app_release|ARM32.Build.0 = Rsharp_app_release|Any CPU
		{6532C376-9592-4034-A14F-93D5EA287D04}.Rsharp_app_release|x64.ActiveCfg = Rsharp_app_release|x64
		{6532C376-9592-4034-A14F-93D5EA287D04}.Rsharp_app_release|x64.Build.0 = Rsharp_app_release|x64
		{4F001EB4-E700-4E14-8E41-C53BD76AF33D}.Debug|Any CPU.ActiveCfg = Debug|Any CPU
		{4F001EB4-E700-4E14-8E41-C53BD76AF33D}.Debug|Any CPU.Build.0 = Debug|Any CPU
		{4F001EB4-E700-4E14-8E41-C53BD76AF33D}.Debug|ARM32.ActiveCfg = Debug|Any CPU
		{4F001EB4-E700-4E14-8E41-C53BD76AF33D}.Debug|ARM32.Build.0 = Debug|Any CPU
		{4F001EB4-E700-4E14-8E41-C53BD76AF33D}.Debug|x64.ActiveCfg = Debug|x64
		{4F001EB4-E700-4E14-8E41-C53BD76AF33D}.Debug|x64.Build.0 = Debug|x64
		{4F001EB4-E700-4E14-8E41-C53BD76AF33D}.LipidSearch|Any CPU.ActiveCfg = LipidSearch|Any CPU
		{4F001EB4-E700-4E14-8E41-C53BD76AF33D}.LipidSearch|Any CPU.Build.0 = LipidSearch|Any CPU
		{4F001EB4-E700-4E14-8E41-C53BD76AF33D}.LipidSearch|ARM32.ActiveCfg = LipidSearch|Any CPU
		{4F001EB4-E700-4E14-8E41-C53BD76AF33D}.LipidSearch|ARM32.Build.0 = LipidSearch|Any CPU
		{4F001EB4-E700-4E14-8E41-C53BD76AF33D}.LipidSearch|x64.ActiveCfg = LipidSearch|x64
		{4F001EB4-E700-4E14-8E41-C53BD76AF33D}.LipidSearch|x64.Build.0 = LipidSearch|x64
		{4F001EB4-E700-4E14-8E41-C53BD76AF33D}.mzkit|Any CPU.ActiveCfg = mzkit|Any CPU
		{4F001EB4-E700-4E14-8E41-C53BD76AF33D}.mzkit|Any CPU.Build.0 = mzkit|Any CPU
		{4F001EB4-E700-4E14-8E41-C53BD76AF33D}.mzkit|ARM32.ActiveCfg = mzkit|Any CPU
		{4F001EB4-E700-4E14-8E41-C53BD76AF33D}.mzkit|ARM32.Build.0 = mzkit|Any CPU
		{4F001EB4-E700-4E14-8E41-C53BD76AF33D}.mzkit|x64.ActiveCfg = mzkit|x64
		{4F001EB4-E700-4E14-8E41-C53BD76AF33D}.mzkit|x64.Build.0 = mzkit|x64
		{4F001EB4-E700-4E14-8E41-C53BD76AF33D}.NPSearch|Any CPU.ActiveCfg = NPSearch|Any CPU
		{4F001EB4-E700-4E14-8E41-C53BD76AF33D}.NPSearch|Any CPU.Build.0 = NPSearch|Any CPU
		{4F001EB4-E700-4E14-8E41-C53BD76AF33D}.NPSearch|ARM32.ActiveCfg = NPSearch|Any CPU
		{4F001EB4-E700-4E14-8E41-C53BD76AF33D}.NPSearch|ARM32.Build.0 = NPSearch|Any CPU
		{4F001EB4-E700-4E14-8E41-C53BD76AF33D}.NPSearch|x64.ActiveCfg = NPSearch|x64
		{4F001EB4-E700-4E14-8E41-C53BD76AF33D}.NPSearch|x64.Build.0 = NPSearch|x64
		{4F001EB4-E700-4E14-8E41-C53BD76AF33D}.PlantMAT|Any CPU.ActiveCfg = PlantMAT|Any CPU
		{4F001EB4-E700-4E14-8E41-C53BD76AF33D}.PlantMAT|Any CPU.Build.0 = PlantMAT|Any CPU
		{4F001EB4-E700-4E14-8E41-C53BD76AF33D}.PlantMAT|ARM32.ActiveCfg = PlantMAT|Any CPU
		{4F001EB4-E700-4E14-8E41-C53BD76AF33D}.PlantMAT|ARM32.Build.0 = PlantMAT|Any CPU
		{4F001EB4-E700-4E14-8E41-C53BD76AF33D}.PlantMAT|x64.ActiveCfg = PlantMAT|x64
		{4F001EB4-E700-4E14-8E41-C53BD76AF33D}.PlantMAT|x64.Build.0 = PlantMAT|x64
		{4F001EB4-E700-4E14-8E41-C53BD76AF33D}.Release|Any CPU.ActiveCfg = Release|Any CPU
		{4F001EB4-E700-4E14-8E41-C53BD76AF33D}.Release|Any CPU.Build.0 = Release|Any CPU
		{4F001EB4-E700-4E14-8E41-C53BD76AF33D}.Release|ARM32.ActiveCfg = Release|Any CPU
		{4F001EB4-E700-4E14-8E41-C53BD76AF33D}.Release|ARM32.Build.0 = Release|Any CPU
		{4F001EB4-E700-4E14-8E41-C53BD76AF33D}.Release|x64.ActiveCfg = Release|x64
		{4F001EB4-E700-4E14-8E41-C53BD76AF33D}.Release|x64.Build.0 = Release|x64
		{4F001EB4-E700-4E14-8E41-C53BD76AF33D}.Rsharp_app_release|Any CPU.ActiveCfg = Rsharp_app_release|Any CPU
		{4F001EB4-E700-4E14-8E41-C53BD76AF33D}.Rsharp_app_release|Any CPU.Build.0 = Rsharp_app_release|Any CPU
		{4F001EB4-E700-4E14-8E41-C53BD76AF33D}.Rsharp_app_release|ARM32.ActiveCfg = Rsharp_app_release|Any CPU
		{4F001EB4-E700-4E14-8E41-C53BD76AF33D}.Rsharp_app_release|ARM32.Build.0 = Rsharp_app_release|Any CPU
		{4F001EB4-E700-4E14-8E41-C53BD76AF33D}.Rsharp_app_release|x64.ActiveCfg = Rsharp_app_release|x64
		{4F001EB4-E700-4E14-8E41-C53BD76AF33D}.Rsharp_app_release|x64.Build.0 = Rsharp_app_release|x64
		{C8649C05-AEA9-44A4-907D-2A9C6EF69536}.Debug|Any CPU.ActiveCfg = Debug|Any CPU
		{C8649C05-AEA9-44A4-907D-2A9C6EF69536}.Debug|Any CPU.Build.0 = Debug|Any CPU
		{C8649C05-AEA9-44A4-907D-2A9C6EF69536}.Debug|ARM32.ActiveCfg = Debug|Any CPU
		{C8649C05-AEA9-44A4-907D-2A9C6EF69536}.Debug|ARM32.Build.0 = Debug|Any CPU
		{C8649C05-AEA9-44A4-907D-2A9C6EF69536}.Debug|x64.ActiveCfg = Debug|x64
		{C8649C05-AEA9-44A4-907D-2A9C6EF69536}.Debug|x64.Build.0 = Debug|x64
		{C8649C05-AEA9-44A4-907D-2A9C6EF69536}.LipidSearch|Any CPU.ActiveCfg = Debug|Any CPU
		{C8649C05-AEA9-44A4-907D-2A9C6EF69536}.LipidSearch|Any CPU.Build.0 = Debug|Any CPU
		{C8649C05-AEA9-44A4-907D-2A9C6EF69536}.LipidSearch|ARM32.ActiveCfg = Debug|Any CPU
		{C8649C05-AEA9-44A4-907D-2A9C6EF69536}.LipidSearch|ARM32.Build.0 = Debug|Any CPU
		{C8649C05-AEA9-44A4-907D-2A9C6EF69536}.LipidSearch|x64.ActiveCfg = Debug|x64
		{C8649C05-AEA9-44A4-907D-2A9C6EF69536}.LipidSearch|x64.Build.0 = Debug|x64
		{C8649C05-AEA9-44A4-907D-2A9C6EF69536}.mzkit|Any CPU.ActiveCfg = mzkit|Any CPU
		{C8649C05-AEA9-44A4-907D-2A9C6EF69536}.mzkit|Any CPU.Build.0 = mzkit|Any CPU
		{C8649C05-AEA9-44A4-907D-2A9C6EF69536}.mzkit|ARM32.ActiveCfg = mzkit|Any CPU
		{C8649C05-AEA9-44A4-907D-2A9C6EF69536}.mzkit|ARM32.Build.0 = mzkit|Any CPU
		{C8649C05-AEA9-44A4-907D-2A9C6EF69536}.mzkit|x64.ActiveCfg = mzkit|x64
		{C8649C05-AEA9-44A4-907D-2A9C6EF69536}.mzkit|x64.Build.0 = mzkit|x64
		{C8649C05-AEA9-44A4-907D-2A9C6EF69536}.NPSearch|Any CPU.ActiveCfg = Debug|Any CPU
		{C8649C05-AEA9-44A4-907D-2A9C6EF69536}.NPSearch|Any CPU.Build.0 = Debug|Any CPU
		{C8649C05-AEA9-44A4-907D-2A9C6EF69536}.NPSearch|ARM32.ActiveCfg = Debug|Any CPU
		{C8649C05-AEA9-44A4-907D-2A9C6EF69536}.NPSearch|ARM32.Build.0 = Debug|Any CPU
		{C8649C05-AEA9-44A4-907D-2A9C6EF69536}.NPSearch|x64.ActiveCfg = Debug|x64
		{C8649C05-AEA9-44A4-907D-2A9C6EF69536}.NPSearch|x64.Build.0 = Debug|x64
		{C8649C05-AEA9-44A4-907D-2A9C6EF69536}.PlantMAT|Any CPU.ActiveCfg = Debug|Any CPU
		{C8649C05-AEA9-44A4-907D-2A9C6EF69536}.PlantMAT|Any CPU.Build.0 = Debug|Any CPU
		{C8649C05-AEA9-44A4-907D-2A9C6EF69536}.PlantMAT|ARM32.ActiveCfg = Debug|Any CPU
		{C8649C05-AEA9-44A4-907D-2A9C6EF69536}.PlantMAT|ARM32.Build.0 = Debug|Any CPU
		{C8649C05-AEA9-44A4-907D-2A9C6EF69536}.PlantMAT|x64.ActiveCfg = Debug|x64
		{C8649C05-AEA9-44A4-907D-2A9C6EF69536}.PlantMAT|x64.Build.0 = Debug|x64
		{C8649C05-AEA9-44A4-907D-2A9C6EF69536}.Release|Any CPU.ActiveCfg = Release|Any CPU
		{C8649C05-AEA9-44A4-907D-2A9C6EF69536}.Release|Any CPU.Build.0 = Release|Any CPU
		{C8649C05-AEA9-44A4-907D-2A9C6EF69536}.Release|ARM32.ActiveCfg = Release|Any CPU
		{C8649C05-AEA9-44A4-907D-2A9C6EF69536}.Release|ARM32.Build.0 = Release|Any CPU
		{C8649C05-AEA9-44A4-907D-2A9C6EF69536}.Release|x64.ActiveCfg = Release|x64
		{C8649C05-AEA9-44A4-907D-2A9C6EF69536}.Release|x64.Build.0 = Release|x64
		{C8649C05-AEA9-44A4-907D-2A9C6EF69536}.Rsharp_app_release|Any CPU.ActiveCfg = Rsharp_app_release|Any CPU
		{C8649C05-AEA9-44A4-907D-2A9C6EF69536}.Rsharp_app_release|Any CPU.Build.0 = Rsharp_app_release|Any CPU
		{C8649C05-AEA9-44A4-907D-2A9C6EF69536}.Rsharp_app_release|ARM32.ActiveCfg = Rsharp_app_release|Any CPU
		{C8649C05-AEA9-44A4-907D-2A9C6EF69536}.Rsharp_app_release|ARM32.Build.0 = Rsharp_app_release|Any CPU
		{C8649C05-AEA9-44A4-907D-2A9C6EF69536}.Rsharp_app_release|x64.ActiveCfg = Rsharp_app_release|x64
		{C8649C05-AEA9-44A4-907D-2A9C6EF69536}.Rsharp_app_release|x64.Build.0 = Rsharp_app_release|x64
		{11C61D4C-7DDD-4673-A960-9AC0DBBFE092}.Debug|Any CPU.ActiveCfg = Debug|Any CPU
		{11C61D4C-7DDD-4673-A960-9AC0DBBFE092}.Debug|Any CPU.Build.0 = Debug|Any CPU
		{11C61D4C-7DDD-4673-A960-9AC0DBBFE092}.Debug|ARM32.ActiveCfg = Debug|Any CPU
		{11C61D4C-7DDD-4673-A960-9AC0DBBFE092}.Debug|ARM32.Build.0 = Debug|Any CPU
		{11C61D4C-7DDD-4673-A960-9AC0DBBFE092}.Debug|x64.ActiveCfg = Debug|x64
		{11C61D4C-7DDD-4673-A960-9AC0DBBFE092}.Debug|x64.Build.0 = Debug|x64
		{11C61D4C-7DDD-4673-A960-9AC0DBBFE092}.LipidSearch|Any CPU.ActiveCfg = LipidSearch|Any CPU
		{11C61D4C-7DDD-4673-A960-9AC0DBBFE092}.LipidSearch|Any CPU.Build.0 = LipidSearch|Any CPU
		{11C61D4C-7DDD-4673-A960-9AC0DBBFE092}.LipidSearch|ARM32.ActiveCfg = LipidSearch|Any CPU
		{11C61D4C-7DDD-4673-A960-9AC0DBBFE092}.LipidSearch|ARM32.Build.0 = LipidSearch|Any CPU
		{11C61D4C-7DDD-4673-A960-9AC0DBBFE092}.LipidSearch|x64.ActiveCfg = LipidSearch|x64
		{11C61D4C-7DDD-4673-A960-9AC0DBBFE092}.LipidSearch|x64.Build.0 = LipidSearch|x64
		{11C61D4C-7DDD-4673-A960-9AC0DBBFE092}.mzkit|Any CPU.ActiveCfg = mzkit|Any CPU
		{11C61D4C-7DDD-4673-A960-9AC0DBBFE092}.mzkit|Any CPU.Build.0 = mzkit|Any CPU
		{11C61D4C-7DDD-4673-A960-9AC0DBBFE092}.mzkit|ARM32.ActiveCfg = mzkit|Any CPU
		{11C61D4C-7DDD-4673-A960-9AC0DBBFE092}.mzkit|ARM32.Build.0 = mzkit|Any CPU
		{11C61D4C-7DDD-4673-A960-9AC0DBBFE092}.mzkit|x64.ActiveCfg = mzkit|x64
		{11C61D4C-7DDD-4673-A960-9AC0DBBFE092}.mzkit|x64.Build.0 = mzkit|x64
		{11C61D4C-7DDD-4673-A960-9AC0DBBFE092}.NPSearch|Any CPU.ActiveCfg = NPSearch|Any CPU
		{11C61D4C-7DDD-4673-A960-9AC0DBBFE092}.NPSearch|Any CPU.Build.0 = NPSearch|Any CPU
		{11C61D4C-7DDD-4673-A960-9AC0DBBFE092}.NPSearch|ARM32.ActiveCfg = NPSearch|Any CPU
		{11C61D4C-7DDD-4673-A960-9AC0DBBFE092}.NPSearch|ARM32.Build.0 = NPSearch|Any CPU
		{11C61D4C-7DDD-4673-A960-9AC0DBBFE092}.NPSearch|x64.ActiveCfg = NPSearch|x64
		{11C61D4C-7DDD-4673-A960-9AC0DBBFE092}.NPSearch|x64.Build.0 = NPSearch|x64
		{11C61D4C-7DDD-4673-A960-9AC0DBBFE092}.PlantMAT|Any CPU.ActiveCfg = Debug|Any CPU
		{11C61D4C-7DDD-4673-A960-9AC0DBBFE092}.PlantMAT|Any CPU.Build.0 = Debug|Any CPU
		{11C61D4C-7DDD-4673-A960-9AC0DBBFE092}.PlantMAT|ARM32.ActiveCfg = Debug|Any CPU
		{11C61D4C-7DDD-4673-A960-9AC0DBBFE092}.PlantMAT|ARM32.Build.0 = Debug|Any CPU
		{11C61D4C-7DDD-4673-A960-9AC0DBBFE092}.PlantMAT|x64.ActiveCfg = Debug|x64
		{11C61D4C-7DDD-4673-A960-9AC0DBBFE092}.PlantMAT|x64.Build.0 = Debug|x64
		{11C61D4C-7DDD-4673-A960-9AC0DBBFE092}.Release|Any CPU.ActiveCfg = Release|Any CPU
		{11C61D4C-7DDD-4673-A960-9AC0DBBFE092}.Release|Any CPU.Build.0 = Release|Any CPU
		{11C61D4C-7DDD-4673-A960-9AC0DBBFE092}.Release|ARM32.ActiveCfg = Release|Any CPU
		{11C61D4C-7DDD-4673-A960-9AC0DBBFE092}.Release|ARM32.Build.0 = Release|Any CPU
		{11C61D4C-7DDD-4673-A960-9AC0DBBFE092}.Release|x64.ActiveCfg = Release|x64
		{11C61D4C-7DDD-4673-A960-9AC0DBBFE092}.Release|x64.Build.0 = Release|x64
		{11C61D4C-7DDD-4673-A960-9AC0DBBFE092}.Rsharp_app_release|Any CPU.ActiveCfg = Rsharp_app_release|Any CPU
		{11C61D4C-7DDD-4673-A960-9AC0DBBFE092}.Rsharp_app_release|Any CPU.Build.0 = Rsharp_app_release|Any CPU
		{11C61D4C-7DDD-4673-A960-9AC0DBBFE092}.Rsharp_app_release|ARM32.ActiveCfg = Rsharp_app_release|Any CPU
		{11C61D4C-7DDD-4673-A960-9AC0DBBFE092}.Rsharp_app_release|ARM32.Build.0 = Rsharp_app_release|Any CPU
		{11C61D4C-7DDD-4673-A960-9AC0DBBFE092}.Rsharp_app_release|x64.ActiveCfg = Rsharp_app_release|x64
		{11C61D4C-7DDD-4673-A960-9AC0DBBFE092}.Rsharp_app_release|x64.Build.0 = Rsharp_app_release|x64
		{2222B06B-326B-47D8-BBD8-23A75639239A}.Debug|Any CPU.ActiveCfg = Debug|Any CPU
		{2222B06B-326B-47D8-BBD8-23A75639239A}.Debug|Any CPU.Build.0 = Debug|Any CPU
		{2222B06B-326B-47D8-BBD8-23A75639239A}.Debug|ARM32.ActiveCfg = Debug|Any CPU
		{2222B06B-326B-47D8-BBD8-23A75639239A}.Debug|ARM32.Build.0 = Debug|Any CPU
		{2222B06B-326B-47D8-BBD8-23A75639239A}.Debug|x64.ActiveCfg = Debug|x64
		{2222B06B-326B-47D8-BBD8-23A75639239A}.Debug|x64.Build.0 = Debug|x64
		{2222B06B-326B-47D8-BBD8-23A75639239A}.LipidSearch|Any CPU.ActiveCfg = LipidSearch|Any CPU
		{2222B06B-326B-47D8-BBD8-23A75639239A}.LipidSearch|Any CPU.Build.0 = LipidSearch|Any CPU
		{2222B06B-326B-47D8-BBD8-23A75639239A}.LipidSearch|ARM32.ActiveCfg = LipidSearch|Any CPU
		{2222B06B-326B-47D8-BBD8-23A75639239A}.LipidSearch|ARM32.Build.0 = LipidSearch|Any CPU
		{2222B06B-326B-47D8-BBD8-23A75639239A}.LipidSearch|x64.ActiveCfg = LipidSearch|x64
		{2222B06B-326B-47D8-BBD8-23A75639239A}.LipidSearch|x64.Build.0 = LipidSearch|x64
		{2222B06B-326B-47D8-BBD8-23A75639239A}.mzkit|Any CPU.ActiveCfg = mzkit|Any CPU
		{2222B06B-326B-47D8-BBD8-23A75639239A}.mzkit|Any CPU.Build.0 = mzkit|Any CPU
		{2222B06B-326B-47D8-BBD8-23A75639239A}.mzkit|ARM32.ActiveCfg = mzkit|Any CPU
		{2222B06B-326B-47D8-BBD8-23A75639239A}.mzkit|ARM32.Build.0 = mzkit|Any CPU
		{2222B06B-326B-47D8-BBD8-23A75639239A}.mzkit|x64.ActiveCfg = mzkit|x64
		{2222B06B-326B-47D8-BBD8-23A75639239A}.mzkit|x64.Build.0 = mzkit|x64
		{2222B06B-326B-47D8-BBD8-23A75639239A}.NPSearch|Any CPU.ActiveCfg = NPSearch|Any CPU
		{2222B06B-326B-47D8-BBD8-23A75639239A}.NPSearch|Any CPU.Build.0 = NPSearch|Any CPU
		{2222B06B-326B-47D8-BBD8-23A75639239A}.NPSearch|ARM32.ActiveCfg = NPSearch|Any CPU
		{2222B06B-326B-47D8-BBD8-23A75639239A}.NPSearch|ARM32.Build.0 = NPSearch|Any CPU
		{2222B06B-326B-47D8-BBD8-23A75639239A}.NPSearch|x64.ActiveCfg = NPSearch|x64
		{2222B06B-326B-47D8-BBD8-23A75639239A}.NPSearch|x64.Build.0 = NPSearch|x64
		{2222B06B-326B-47D8-BBD8-23A75639239A}.PlantMAT|Any CPU.ActiveCfg = Debug|Any CPU
		{2222B06B-326B-47D8-BBD8-23A75639239A}.PlantMAT|Any CPU.Build.0 = Debug|Any CPU
		{2222B06B-326B-47D8-BBD8-23A75639239A}.PlantMAT|ARM32.ActiveCfg = Debug|Any CPU
		{2222B06B-326B-47D8-BBD8-23A75639239A}.PlantMAT|ARM32.Build.0 = Debug|Any CPU
		{2222B06B-326B-47D8-BBD8-23A75639239A}.PlantMAT|x64.ActiveCfg = Debug|x64
		{2222B06B-326B-47D8-BBD8-23A75639239A}.PlantMAT|x64.Build.0 = Debug|x64
		{2222B06B-326B-47D8-BBD8-23A75639239A}.Release|Any CPU.ActiveCfg = Release|Any CPU
		{2222B06B-326B-47D8-BBD8-23A75639239A}.Release|Any CPU.Build.0 = Release|Any CPU
		{2222B06B-326B-47D8-BBD8-23A75639239A}.Release|ARM32.ActiveCfg = Release|Any CPU
		{2222B06B-326B-47D8-BBD8-23A75639239A}.Release|ARM32.Build.0 = Release|Any CPU
		{2222B06B-326B-47D8-BBD8-23A75639239A}.Release|x64.ActiveCfg = Release|x64
		{2222B06B-326B-47D8-BBD8-23A75639239A}.Release|x64.Build.0 = Release|x64
		{2222B06B-326B-47D8-BBD8-23A75639239A}.Rsharp_app_release|Any CPU.ActiveCfg = Rsharp_app_release|Any CPU
		{2222B06B-326B-47D8-BBD8-23A75639239A}.Rsharp_app_release|Any CPU.Build.0 = Rsharp_app_release|Any CPU
		{2222B06B-326B-47D8-BBD8-23A75639239A}.Rsharp_app_release|ARM32.ActiveCfg = Rsharp_app_release|Any CPU
		{2222B06B-326B-47D8-BBD8-23A75639239A}.Rsharp_app_release|ARM32.Build.0 = Rsharp_app_release|Any CPU
		{2222B06B-326B-47D8-BBD8-23A75639239A}.Rsharp_app_release|x64.ActiveCfg = Rsharp_app_release|x64
		{2222B06B-326B-47D8-BBD8-23A75639239A}.Rsharp_app_release|x64.Build.0 = Rsharp_app_release|x64
		{F4B52F3E-ED7A-4EE8-B19C-606A974A26F7}.Debug|Any CPU.ActiveCfg = Debug|Any CPU
		{F4B52F3E-ED7A-4EE8-B19C-606A974A26F7}.Debug|Any CPU.Build.0 = Debug|Any CPU
		{F4B52F3E-ED7A-4EE8-B19C-606A974A26F7}.Debug|ARM32.ActiveCfg = Debug|Any CPU
		{F4B52F3E-ED7A-4EE8-B19C-606A974A26F7}.Debug|ARM32.Build.0 = Debug|Any CPU
		{F4B52F3E-ED7A-4EE8-B19C-606A974A26F7}.Debug|x64.ActiveCfg = Debug|x64
		{F4B52F3E-ED7A-4EE8-B19C-606A974A26F7}.Debug|x64.Build.0 = Debug|x64
		{F4B52F3E-ED7A-4EE8-B19C-606A974A26F7}.LipidSearch|Any CPU.ActiveCfg = LipidSearch|Any CPU
		{F4B52F3E-ED7A-4EE8-B19C-606A974A26F7}.LipidSearch|Any CPU.Build.0 = LipidSearch|Any CPU
		{F4B52F3E-ED7A-4EE8-B19C-606A974A26F7}.LipidSearch|ARM32.ActiveCfg = LipidSearch|Any CPU
		{F4B52F3E-ED7A-4EE8-B19C-606A974A26F7}.LipidSearch|ARM32.Build.0 = LipidSearch|Any CPU
		{F4B52F3E-ED7A-4EE8-B19C-606A974A26F7}.LipidSearch|x64.ActiveCfg = LipidSearch|x64
		{F4B52F3E-ED7A-4EE8-B19C-606A974A26F7}.LipidSearch|x64.Build.0 = LipidSearch|x64
		{F4B52F3E-ED7A-4EE8-B19C-606A974A26F7}.mzkit|Any CPU.ActiveCfg = mzkit|Any CPU
		{F4B52F3E-ED7A-4EE8-B19C-606A974A26F7}.mzkit|Any CPU.Build.0 = mzkit|Any CPU
		{F4B52F3E-ED7A-4EE8-B19C-606A974A26F7}.mzkit|ARM32.ActiveCfg = mzkit|Any CPU
		{F4B52F3E-ED7A-4EE8-B19C-606A974A26F7}.mzkit|ARM32.Build.0 = mzkit|Any CPU
		{F4B52F3E-ED7A-4EE8-B19C-606A974A26F7}.mzkit|x64.ActiveCfg = mzkit|x64
		{F4B52F3E-ED7A-4EE8-B19C-606A974A26F7}.mzkit|x64.Build.0 = mzkit|x64
		{F4B52F3E-ED7A-4EE8-B19C-606A974A26F7}.NPSearch|Any CPU.ActiveCfg = NPSearch|Any CPU
		{F4B52F3E-ED7A-4EE8-B19C-606A974A26F7}.NPSearch|Any CPU.Build.0 = NPSearch|Any CPU
		{F4B52F3E-ED7A-4EE8-B19C-606A974A26F7}.NPSearch|ARM32.ActiveCfg = NPSearch|Any CPU
		{F4B52F3E-ED7A-4EE8-B19C-606A974A26F7}.NPSearch|ARM32.Build.0 = NPSearch|Any CPU
		{F4B52F3E-ED7A-4EE8-B19C-606A974A26F7}.NPSearch|x64.ActiveCfg = NPSearch|x64
		{F4B52F3E-ED7A-4EE8-B19C-606A974A26F7}.NPSearch|x64.Build.0 = NPSearch|x64
		{F4B52F3E-ED7A-4EE8-B19C-606A974A26F7}.PlantMAT|Any CPU.ActiveCfg = Debug|Any CPU
		{F4B52F3E-ED7A-4EE8-B19C-606A974A26F7}.PlantMAT|Any CPU.Build.0 = Debug|Any CPU
		{F4B52F3E-ED7A-4EE8-B19C-606A974A26F7}.PlantMAT|ARM32.ActiveCfg = Debug|Any CPU
		{F4B52F3E-ED7A-4EE8-B19C-606A974A26F7}.PlantMAT|ARM32.Build.0 = Debug|Any CPU
		{F4B52F3E-ED7A-4EE8-B19C-606A974A26F7}.PlantMAT|x64.ActiveCfg = Debug|x64
		{F4B52F3E-ED7A-4EE8-B19C-606A974A26F7}.PlantMAT|x64.Build.0 = Debug|x64
		{F4B52F3E-ED7A-4EE8-B19C-606A974A26F7}.Release|Any CPU.ActiveCfg = Release|Any CPU
		{F4B52F3E-ED7A-4EE8-B19C-606A974A26F7}.Release|Any CPU.Build.0 = Release|Any CPU
		{F4B52F3E-ED7A-4EE8-B19C-606A974A26F7}.Release|ARM32.ActiveCfg = Release|Any CPU
		{F4B52F3E-ED7A-4EE8-B19C-606A974A26F7}.Release|ARM32.Build.0 = Release|Any CPU
		{F4B52F3E-ED7A-4EE8-B19C-606A974A26F7}.Release|x64.ActiveCfg = Release|x64
		{F4B52F3E-ED7A-4EE8-B19C-606A974A26F7}.Release|x64.Build.0 = Release|x64
		{F4B52F3E-ED7A-4EE8-B19C-606A974A26F7}.Rsharp_app_release|Any CPU.ActiveCfg = Rsharp_app_release|Any CPU
		{F4B52F3E-ED7A-4EE8-B19C-606A974A26F7}.Rsharp_app_release|Any CPU.Build.0 = Rsharp_app_release|Any CPU
		{F4B52F3E-ED7A-4EE8-B19C-606A974A26F7}.Rsharp_app_release|ARM32.ActiveCfg = Rsharp_app_release|Any CPU
		{F4B52F3E-ED7A-4EE8-B19C-606A974A26F7}.Rsharp_app_release|ARM32.Build.0 = Rsharp_app_release|Any CPU
		{F4B52F3E-ED7A-4EE8-B19C-606A974A26F7}.Rsharp_app_release|x64.ActiveCfg = Rsharp_app_release|x64
		{F4B52F3E-ED7A-4EE8-B19C-606A974A26F7}.Rsharp_app_release|x64.Build.0 = Rsharp_app_release|x64
		{9328CF69-5888-42F7-B590-3CB832BFDD30}.Debug|Any CPU.ActiveCfg = Debug|Any CPU
		{9328CF69-5888-42F7-B590-3CB832BFDD30}.Debug|Any CPU.Build.0 = Debug|Any CPU
		{9328CF69-5888-42F7-B590-3CB832BFDD30}.Debug|ARM32.ActiveCfg = Debug|Any CPU
		{9328CF69-5888-42F7-B590-3CB832BFDD30}.Debug|ARM32.Build.0 = Debug|Any CPU
		{9328CF69-5888-42F7-B590-3CB832BFDD30}.Debug|x64.ActiveCfg = Debug|x64
		{9328CF69-5888-42F7-B590-3CB832BFDD30}.Debug|x64.Build.0 = Debug|x64
		{9328CF69-5888-42F7-B590-3CB832BFDD30}.LipidSearch|Any CPU.ActiveCfg = LipidSearch|Any CPU
		{9328CF69-5888-42F7-B590-3CB832BFDD30}.LipidSearch|Any CPU.Build.0 = LipidSearch|Any CPU
		{9328CF69-5888-42F7-B590-3CB832BFDD30}.LipidSearch|ARM32.ActiveCfg = LipidSearch|Any CPU
		{9328CF69-5888-42F7-B590-3CB832BFDD30}.LipidSearch|ARM32.Build.0 = LipidSearch|Any CPU
		{9328CF69-5888-42F7-B590-3CB832BFDD30}.LipidSearch|x64.ActiveCfg = LipidSearch|x64
		{9328CF69-5888-42F7-B590-3CB832BFDD30}.LipidSearch|x64.Build.0 = LipidSearch|x64
		{9328CF69-5888-42F7-B590-3CB832BFDD30}.mzkit|Any CPU.ActiveCfg = Debug|Any CPU
		{9328CF69-5888-42F7-B590-3CB832BFDD30}.mzkit|Any CPU.Build.0 = Debug|Any CPU
		{9328CF69-5888-42F7-B590-3CB832BFDD30}.mzkit|ARM32.ActiveCfg = Debug|Any CPU
		{9328CF69-5888-42F7-B590-3CB832BFDD30}.mzkit|ARM32.Build.0 = Debug|Any CPU
		{9328CF69-5888-42F7-B590-3CB832BFDD30}.mzkit|x64.ActiveCfg = Debug|x64
		{9328CF69-5888-42F7-B590-3CB832BFDD30}.mzkit|x64.Build.0 = Debug|x64
		{9328CF69-5888-42F7-B590-3CB832BFDD30}.NPSearch|Any CPU.ActiveCfg = NPSearch|Any CPU
		{9328CF69-5888-42F7-B590-3CB832BFDD30}.NPSearch|Any CPU.Build.0 = NPSearch|Any CPU
		{9328CF69-5888-42F7-B590-3CB832BFDD30}.NPSearch|ARM32.ActiveCfg = NPSearch|Any CPU
		{9328CF69-5888-42F7-B590-3CB832BFDD30}.NPSearch|ARM32.Build.0 = NPSearch|Any CPU
		{9328CF69-5888-42F7-B590-3CB832BFDD30}.NPSearch|x64.ActiveCfg = NPSearch|x64
		{9328CF69-5888-42F7-B590-3CB832BFDD30}.NPSearch|x64.Build.0 = NPSearch|x64
		{9328CF69-5888-42F7-B590-3CB832BFDD30}.PlantMAT|Any CPU.ActiveCfg = Debug|Any CPU
		{9328CF69-5888-42F7-B590-3CB832BFDD30}.PlantMAT|Any CPU.Build.0 = Debug|Any CPU
		{9328CF69-5888-42F7-B590-3CB832BFDD30}.PlantMAT|ARM32.ActiveCfg = Debug|Any CPU
		{9328CF69-5888-42F7-B590-3CB832BFDD30}.PlantMAT|ARM32.Build.0 = Debug|Any CPU
		{9328CF69-5888-42F7-B590-3CB832BFDD30}.PlantMAT|x64.ActiveCfg = Debug|x64
		{9328CF69-5888-42F7-B590-3CB832BFDD30}.PlantMAT|x64.Build.0 = Debug|x64
		{9328CF69-5888-42F7-B590-3CB832BFDD30}.Release|Any CPU.ActiveCfg = Release|Any CPU
		{9328CF69-5888-42F7-B590-3CB832BFDD30}.Release|Any CPU.Build.0 = Release|Any CPU
		{9328CF69-5888-42F7-B590-3CB832BFDD30}.Release|ARM32.ActiveCfg = Release|Any CPU
		{9328CF69-5888-42F7-B590-3CB832BFDD30}.Release|ARM32.Build.0 = Release|Any CPU
		{9328CF69-5888-42F7-B590-3CB832BFDD30}.Release|x64.ActiveCfg = Release|x64
		{9328CF69-5888-42F7-B590-3CB832BFDD30}.Release|x64.Build.0 = Release|x64
		{9328CF69-5888-42F7-B590-3CB832BFDD30}.Rsharp_app_release|Any CPU.ActiveCfg = Rsharp_app_release|Any CPU
		{9328CF69-5888-42F7-B590-3CB832BFDD30}.Rsharp_app_release|Any CPU.Build.0 = Rsharp_app_release|Any CPU
		{9328CF69-5888-42F7-B590-3CB832BFDD30}.Rsharp_app_release|ARM32.ActiveCfg = Rsharp_app_release|Any CPU
		{9328CF69-5888-42F7-B590-3CB832BFDD30}.Rsharp_app_release|ARM32.Build.0 = Rsharp_app_release|Any CPU
		{9328CF69-5888-42F7-B590-3CB832BFDD30}.Rsharp_app_release|x64.ActiveCfg = Rsharp_app_release|x64
		{9328CF69-5888-42F7-B590-3CB832BFDD30}.Rsharp_app_release|x64.Build.0 = Rsharp_app_release|x64
		{30C536C5-1964-449D-9645-A635BDED8959}.Debug|Any CPU.ActiveCfg = Debug|Any CPU
		{30C536C5-1964-449D-9645-A635BDED8959}.Debug|Any CPU.Build.0 = Debug|Any CPU
		{30C536C5-1964-449D-9645-A635BDED8959}.Debug|ARM32.ActiveCfg = Debug|Any CPU
		{30C536C5-1964-449D-9645-A635BDED8959}.Debug|ARM32.Build.0 = Debug|Any CPU
		{30C536C5-1964-449D-9645-A635BDED8959}.Debug|x64.ActiveCfg = Debug|x64
		{30C536C5-1964-449D-9645-A635BDED8959}.Debug|x64.Build.0 = Debug|x64
		{30C536C5-1964-449D-9645-A635BDED8959}.LipidSearch|Any CPU.ActiveCfg = LipidSearch|Any CPU
		{30C536C5-1964-449D-9645-A635BDED8959}.LipidSearch|Any CPU.Build.0 = LipidSearch|Any CPU
		{30C536C5-1964-449D-9645-A635BDED8959}.LipidSearch|ARM32.ActiveCfg = LipidSearch|Any CPU
		{30C536C5-1964-449D-9645-A635BDED8959}.LipidSearch|ARM32.Build.0 = LipidSearch|Any CPU
		{30C536C5-1964-449D-9645-A635BDED8959}.LipidSearch|x64.ActiveCfg = LipidSearch|x64
		{30C536C5-1964-449D-9645-A635BDED8959}.LipidSearch|x64.Build.0 = LipidSearch|x64
		{30C536C5-1964-449D-9645-A635BDED8959}.mzkit|Any CPU.ActiveCfg = Debug|Any CPU
		{30C536C5-1964-449D-9645-A635BDED8959}.mzkit|Any CPU.Build.0 = Debug|Any CPU
		{30C536C5-1964-449D-9645-A635BDED8959}.mzkit|ARM32.ActiveCfg = Debug|Any CPU
		{30C536C5-1964-449D-9645-A635BDED8959}.mzkit|ARM32.Build.0 = Debug|Any CPU
		{30C536C5-1964-449D-9645-A635BDED8959}.mzkit|x64.ActiveCfg = Debug|x64
		{30C536C5-1964-449D-9645-A635BDED8959}.mzkit|x64.Build.0 = Debug|x64
		{30C536C5-1964-449D-9645-A635BDED8959}.NPSearch|Any CPU.ActiveCfg = NPSearch|Any CPU
		{30C536C5-1964-449D-9645-A635BDED8959}.NPSearch|Any CPU.Build.0 = NPSearch|Any CPU
		{30C536C5-1964-449D-9645-A635BDED8959}.NPSearch|ARM32.ActiveCfg = NPSearch|Any CPU
		{30C536C5-1964-449D-9645-A635BDED8959}.NPSearch|ARM32.Build.0 = NPSearch|Any CPU
		{30C536C5-1964-449D-9645-A635BDED8959}.NPSearch|x64.ActiveCfg = NPSearch|x64
		{30C536C5-1964-449D-9645-A635BDED8959}.NPSearch|x64.Build.0 = NPSearch|x64
		{30C536C5-1964-449D-9645-A635BDED8959}.PlantMAT|Any CPU.ActiveCfg = Debug|Any CPU
		{30C536C5-1964-449D-9645-A635BDED8959}.PlantMAT|Any CPU.Build.0 = Debug|Any CPU
		{30C536C5-1964-449D-9645-A635BDED8959}.PlantMAT|ARM32.ActiveCfg = Debug|Any CPU
		{30C536C5-1964-449D-9645-A635BDED8959}.PlantMAT|ARM32.Build.0 = Debug|Any CPU
		{30C536C5-1964-449D-9645-A635BDED8959}.PlantMAT|x64.ActiveCfg = Debug|x64
		{30C536C5-1964-449D-9645-A635BDED8959}.PlantMAT|x64.Build.0 = Debug|x64
		{30C536C5-1964-449D-9645-A635BDED8959}.Release|Any CPU.ActiveCfg = Release|Any CPU
		{30C536C5-1964-449D-9645-A635BDED8959}.Release|Any CPU.Build.0 = Release|Any CPU
		{30C536C5-1964-449D-9645-A635BDED8959}.Release|ARM32.ActiveCfg = Release|Any CPU
		{30C536C5-1964-449D-9645-A635BDED8959}.Release|ARM32.Build.0 = Release|Any CPU
		{30C536C5-1964-449D-9645-A635BDED8959}.Release|x64.ActiveCfg = Release|x64
		{30C536C5-1964-449D-9645-A635BDED8959}.Release|x64.Build.0 = Release|x64
		{30C536C5-1964-449D-9645-A635BDED8959}.Rsharp_app_release|Any CPU.ActiveCfg = Rsharp_app_release|Any CPU
		{30C536C5-1964-449D-9645-A635BDED8959}.Rsharp_app_release|Any CPU.Build.0 = Rsharp_app_release|Any CPU
		{30C536C5-1964-449D-9645-A635BDED8959}.Rsharp_app_release|ARM32.ActiveCfg = Rsharp_app_release|Any CPU
		{30C536C5-1964-449D-9645-A635BDED8959}.Rsharp_app_release|ARM32.Build.0 = Rsharp_app_release|Any CPU
		{30C536C5-1964-449D-9645-A635BDED8959}.Rsharp_app_release|x64.ActiveCfg = Rsharp_app_release|x64
		{30C536C5-1964-449D-9645-A635BDED8959}.Rsharp_app_release|x64.Build.0 = Rsharp_app_release|x64
		{A74998AF-839B-46B9-A8A9-95FB69355BA1}.Debug|Any CPU.ActiveCfg = Debug|Any CPU
		{A74998AF-839B-46B9-A8A9-95FB69355BA1}.Debug|Any CPU.Build.0 = Debug|Any CPU
		{A74998AF-839B-46B9-A8A9-95FB69355BA1}.Debug|ARM32.ActiveCfg = Debug|Any CPU
		{A74998AF-839B-46B9-A8A9-95FB69355BA1}.Debug|ARM32.Build.0 = Debug|Any CPU
		{A74998AF-839B-46B9-A8A9-95FB69355BA1}.Debug|x64.ActiveCfg = Debug|x64
		{A74998AF-839B-46B9-A8A9-95FB69355BA1}.Debug|x64.Build.0 = Debug|x64
		{A74998AF-839B-46B9-A8A9-95FB69355BA1}.LipidSearch|Any CPU.ActiveCfg = Debug|Any CPU
		{A74998AF-839B-46B9-A8A9-95FB69355BA1}.LipidSearch|Any CPU.Build.0 = Debug|Any CPU
		{A74998AF-839B-46B9-A8A9-95FB69355BA1}.LipidSearch|ARM32.ActiveCfg = Debug|Any CPU
		{A74998AF-839B-46B9-A8A9-95FB69355BA1}.LipidSearch|ARM32.Build.0 = Debug|Any CPU
		{A74998AF-839B-46B9-A8A9-95FB69355BA1}.LipidSearch|x64.ActiveCfg = Debug|Any CPU
		{A74998AF-839B-46B9-A8A9-95FB69355BA1}.LipidSearch|x64.Build.0 = Debug|Any CPU
		{A74998AF-839B-46B9-A8A9-95FB69355BA1}.mzkit|Any CPU.ActiveCfg = Debug|Any CPU
		{A74998AF-839B-46B9-A8A9-95FB69355BA1}.mzkit|Any CPU.Build.0 = Debug|Any CPU
		{A74998AF-839B-46B9-A8A9-95FB69355BA1}.mzkit|ARM32.ActiveCfg = Debug|Any CPU
		{A74998AF-839B-46B9-A8A9-95FB69355BA1}.mzkit|ARM32.Build.0 = Debug|Any CPU
		{A74998AF-839B-46B9-A8A9-95FB69355BA1}.mzkit|x64.ActiveCfg = Debug|Any CPU
		{A74998AF-839B-46B9-A8A9-95FB69355BA1}.mzkit|x64.Build.0 = Debug|Any CPU
		{A74998AF-839B-46B9-A8A9-95FB69355BA1}.NPSearch|Any CPU.ActiveCfg = Debug|Any CPU
		{A74998AF-839B-46B9-A8A9-95FB69355BA1}.NPSearch|Any CPU.Build.0 = Debug|Any CPU
		{A74998AF-839B-46B9-A8A9-95FB69355BA1}.NPSearch|ARM32.ActiveCfg = Debug|Any CPU
		{A74998AF-839B-46B9-A8A9-95FB69355BA1}.NPSearch|ARM32.Build.0 = Debug|Any CPU
		{A74998AF-839B-46B9-A8A9-95FB69355BA1}.NPSearch|x64.ActiveCfg = Debug|Any CPU
		{A74998AF-839B-46B9-A8A9-95FB69355BA1}.NPSearch|x64.Build.0 = Debug|Any CPU
		{A74998AF-839B-46B9-A8A9-95FB69355BA1}.PlantMAT|Any CPU.ActiveCfg = Debug|Any CPU
		{A74998AF-839B-46B9-A8A9-95FB69355BA1}.PlantMAT|Any CPU.Build.0 = Debug|Any CPU
		{A74998AF-839B-46B9-A8A9-95FB69355BA1}.PlantMAT|ARM32.ActiveCfg = Debug|Any CPU
		{A74998AF-839B-46B9-A8A9-95FB69355BA1}.PlantMAT|ARM32.Build.0 = Debug|Any CPU
		{A74998AF-839B-46B9-A8A9-95FB69355BA1}.PlantMAT|x64.ActiveCfg = Debug|Any CPU
		{A74998AF-839B-46B9-A8A9-95FB69355BA1}.PlantMAT|x64.Build.0 = Debug|Any CPU
		{A74998AF-839B-46B9-A8A9-95FB69355BA1}.Release|Any CPU.ActiveCfg = Release|Any CPU
		{A74998AF-839B-46B9-A8A9-95FB69355BA1}.Release|Any CPU.Build.0 = Release|Any CPU
		{A74998AF-839B-46B9-A8A9-95FB69355BA1}.Release|ARM32.ActiveCfg = Release|Any CPU
		{A74998AF-839B-46B9-A8A9-95FB69355BA1}.Release|ARM32.Build.0 = Release|Any CPU
		{A74998AF-839B-46B9-A8A9-95FB69355BA1}.Release|x64.ActiveCfg = Release|Any CPU
		{A74998AF-839B-46B9-A8A9-95FB69355BA1}.Release|x64.Build.0 = Release|Any CPU
		{A74998AF-839B-46B9-A8A9-95FB69355BA1}.Rsharp_app_release|Any CPU.ActiveCfg = Release|Any CPU
		{A74998AF-839B-46B9-A8A9-95FB69355BA1}.Rsharp_app_release|Any CPU.Build.0 = Release|Any CPU
		{A74998AF-839B-46B9-A8A9-95FB69355BA1}.Rsharp_app_release|ARM32.ActiveCfg = Release|Any CPU
		{A74998AF-839B-46B9-A8A9-95FB69355BA1}.Rsharp_app_release|ARM32.Build.0 = Release|Any CPU
		{A74998AF-839B-46B9-A8A9-95FB69355BA1}.Rsharp_app_release|x64.ActiveCfg = Rsharp_app_release|x64
		{A74998AF-839B-46B9-A8A9-95FB69355BA1}.Rsharp_app_release|x64.Build.0 = Rsharp_app_release|x64
		{FCAD265B-DB4A-416D-BC4F-521063D1909E}.Debug|Any CPU.ActiveCfg = Debug|Any CPU
		{FCAD265B-DB4A-416D-BC4F-521063D1909E}.Debug|Any CPU.Build.0 = Debug|Any CPU
		{FCAD265B-DB4A-416D-BC4F-521063D1909E}.Debug|ARM32.ActiveCfg = Debug|ARM32
		{FCAD265B-DB4A-416D-BC4F-521063D1909E}.Debug|ARM32.Build.0 = Debug|ARM32
		{FCAD265B-DB4A-416D-BC4F-521063D1909E}.Debug|x64.ActiveCfg = Debug|x64
		{FCAD265B-DB4A-416D-BC4F-521063D1909E}.Debug|x64.Build.0 = Debug|x64
		{FCAD265B-DB4A-416D-BC4F-521063D1909E}.LipidSearch|Any CPU.ActiveCfg = Debug|Any CPU
		{FCAD265B-DB4A-416D-BC4F-521063D1909E}.LipidSearch|Any CPU.Build.0 = Debug|Any CPU
		{FCAD265B-DB4A-416D-BC4F-521063D1909E}.LipidSearch|ARM32.ActiveCfg = Debug|ARM32
		{FCAD265B-DB4A-416D-BC4F-521063D1909E}.LipidSearch|ARM32.Build.0 = Debug|ARM32
		{FCAD265B-DB4A-416D-BC4F-521063D1909E}.LipidSearch|x64.ActiveCfg = Debug|x64
		{FCAD265B-DB4A-416D-BC4F-521063D1909E}.LipidSearch|x64.Build.0 = Debug|x64
		{FCAD265B-DB4A-416D-BC4F-521063D1909E}.mzkit|Any CPU.ActiveCfg = Debug|Any CPU
		{FCAD265B-DB4A-416D-BC4F-521063D1909E}.mzkit|Any CPU.Build.0 = Debug|Any CPU
		{FCAD265B-DB4A-416D-BC4F-521063D1909E}.mzkit|ARM32.ActiveCfg = Debug|ARM32
		{FCAD265B-DB4A-416D-BC4F-521063D1909E}.mzkit|ARM32.Build.0 = Debug|ARM32
		{FCAD265B-DB4A-416D-BC4F-521063D1909E}.mzkit|x64.ActiveCfg = Debug|x64
		{FCAD265B-DB4A-416D-BC4F-521063D1909E}.mzkit|x64.Build.0 = Debug|x64
		{FCAD265B-DB4A-416D-BC4F-521063D1909E}.NPSearch|Any CPU.ActiveCfg = Debug|Any CPU
		{FCAD265B-DB4A-416D-BC4F-521063D1909E}.NPSearch|Any CPU.Build.0 = Debug|Any CPU
		{FCAD265B-DB4A-416D-BC4F-521063D1909E}.NPSearch|ARM32.ActiveCfg = Debug|ARM32
		{FCAD265B-DB4A-416D-BC4F-521063D1909E}.NPSearch|ARM32.Build.0 = Debug|ARM32
		{FCAD265B-DB4A-416D-BC4F-521063D1909E}.NPSearch|x64.ActiveCfg = Debug|x64
		{FCAD265B-DB4A-416D-BC4F-521063D1909E}.NPSearch|x64.Build.0 = Debug|x64
		{FCAD265B-DB4A-416D-BC4F-521063D1909E}.PlantMAT|Any CPU.ActiveCfg = PlantMAT|Any CPU
		{FCAD265B-DB4A-416D-BC4F-521063D1909E}.PlantMAT|Any CPU.Build.0 = PlantMAT|Any CPU
		{FCAD265B-DB4A-416D-BC4F-521063D1909E}.PlantMAT|ARM32.ActiveCfg = PlantMAT|ARM32
		{FCAD265B-DB4A-416D-BC4F-521063D1909E}.PlantMAT|ARM32.Build.0 = PlantMAT|ARM32
		{FCAD265B-DB4A-416D-BC4F-521063D1909E}.PlantMAT|x64.ActiveCfg = PlantMAT|x64
		{FCAD265B-DB4A-416D-BC4F-521063D1909E}.PlantMAT|x64.Build.0 = PlantMAT|x64
		{FCAD265B-DB4A-416D-BC4F-521063D1909E}.Release|Any CPU.ActiveCfg = Release|Any CPU
		{FCAD265B-DB4A-416D-BC4F-521063D1909E}.Release|Any CPU.Build.0 = Release|Any CPU
		{FCAD265B-DB4A-416D-BC4F-521063D1909E}.Release|ARM32.ActiveCfg = Release|ARM32
		{FCAD265B-DB4A-416D-BC4F-521063D1909E}.Release|ARM32.Build.0 = Release|ARM32
		{FCAD265B-DB4A-416D-BC4F-521063D1909E}.Release|x64.ActiveCfg = Release|x64
		{FCAD265B-DB4A-416D-BC4F-521063D1909E}.Release|x64.Build.0 = Release|x64
		{FCAD265B-DB4A-416D-BC4F-521063D1909E}.Rsharp_app_release|Any CPU.ActiveCfg = Rsharp_app_release|Any CPU
		{FCAD265B-DB4A-416D-BC4F-521063D1909E}.Rsharp_app_release|Any CPU.Build.0 = Rsharp_app_release|Any CPU
		{FCAD265B-DB4A-416D-BC4F-521063D1909E}.Rsharp_app_release|ARM32.ActiveCfg = Rsharp_app_release|ARM32
		{FCAD265B-DB4A-416D-BC4F-521063D1909E}.Rsharp_app_release|ARM32.Build.0 = Rsharp_app_release|ARM32
		{FCAD265B-DB4A-416D-BC4F-521063D1909E}.Rsharp_app_release|x64.ActiveCfg = Rsharp_app_release|x64
		{FCAD265B-DB4A-416D-BC4F-521063D1909E}.Rsharp_app_release|x64.Build.0 = Rsharp_app_release|x64
	EndGlobalSection
	GlobalSection(SolutionProperties) = preSolution
		HideSolutionNode = FALSE
	EndGlobalSection
	GlobalSection(NestedProjects) = preSolution
		{C79C383A-5CE4-4428-B73F-32337B939777} = {ADC0BF32-B9DC-419A-8321-B7B3A6DD1F06}
		{9F1D1BBC-EF37-4733-9D84-0F15C699B504} = {ADC0BF32-B9DC-419A-8321-B7B3A6DD1F06}
		{036074AC-8A28-4E54-B4D9-4739B8089EAB} = {ADC0BF32-B9DC-419A-8321-B7B3A6DD1F06}
		{A2AF1B67-A341-4A02-9BBA-5BB11E883DEE} = {9F1D1BBC-EF37-4733-9D84-0F15C699B504}
		{AFB80CC0-EB7C-4B2E-81C7-9609DD268015} = {9F1D1BBC-EF37-4733-9D84-0F15C699B504}
		{1BC0C966-1DE0-4532-ABE4-C5C4A9C3C216} = {9F1D1BBC-EF37-4733-9D84-0F15C699B504}
		{6532C376-9592-4034-A14F-93D5EA287D04} = {ADC0BF32-B9DC-419A-8321-B7B3A6DD1F06}
		{4F001EB4-E700-4E14-8E41-C53BD76AF33D} = {6B74B0FE-13EE-4DD5-AA9C-7258223BA131}
		{C8649C05-AEA9-44A4-907D-2A9C6EF69536} = {6B74B0FE-13EE-4DD5-AA9C-7258223BA131}
		{8F9BC443-EE5A-484B-99C7-DFE64E7F7BEB} = {ADC0BF32-B9DC-419A-8321-B7B3A6DD1F06}
		{11C61D4C-7DDD-4673-A960-9AC0DBBFE092} = {8F9BC443-EE5A-484B-99C7-DFE64E7F7BEB}
		{2222B06B-326B-47D8-BBD8-23A75639239A} = {8F9BC443-EE5A-484B-99C7-DFE64E7F7BEB}
		{F4B52F3E-ED7A-4EE8-B19C-606A974A26F7} = {8F9BC443-EE5A-484B-99C7-DFE64E7F7BEB}
		{9328CF69-5888-42F7-B590-3CB832BFDD30} = {8F9BC443-EE5A-484B-99C7-DFE64E7F7BEB}
		{30C536C5-1964-449D-9645-A635BDED8959} = {8F9BC443-EE5A-484B-99C7-DFE64E7F7BEB}
		{53AF2B13-CCD5-4F73-94D5-612191E785A9} = {6B74B0FE-13EE-4DD5-AA9C-7258223BA131}
	EndGlobalSection
	GlobalSection(ExtensibilityGlobals) = postSolution
		SolutionGuid = {5BBD0EC6-3AF0-4985-BEAA-16C62D091DD8}
	EndGlobalSection
	GlobalSection(SharedMSBuildProjectFiles) = preSolution
		..\..\R-sharp\Library\shares\R_graphic.interop\R_graphic.interop.projitems*{53af2b13-ccd5-4f73-94d5-612191e785a9}*SharedItemsImports = 13
		..\..\R-sharp\Library\shares\R_graphic.interop\R_graphic.interop.projitems*{a74998af-839b-46b9-a8a9-95fb69355ba1}*SharedItemsImports = 5
		..\..\R-sharp\studio\Rstudio.common\Rstudio.common.projitems*{c8649c05-aea9-44a4-907d-2a9c6ef69536}*SharedItemsImports = 5
		..\..\R-sharp\Library\shares\R_graphic.interop\R_graphic.interop.projitems*{fcad265b-db4a-416d-bc4f-521063d1909e}*SharedItemsImports = 5
	EndGlobalSection
EndGlobal
